{
  "name": "@adobe/parcel-plugin-htl",
  "version": "0.1.1",
  "lockfileVersion": 1,
  "requires": true,
  "dependencies": {
    "@adobe/htlengine": {
      "version": "1.0.2-SNAPSHOT.26",
      "resolved": "https://registry.npmjs.org/@adobe/htlengine/-/htlengine-1.0.2-SNAPSHOT.26.tgz",
      "integrity": "sha512-sZnAy8qwSlW5LDB4G9hNDGY2fXpCVTJ1Ub5A7N6JaOgWzb8HXici2MZX+gQ2s8i3QmY3f8QxzcEwRrOHrFrHuw==",
      "requires": {
        "antlr4": "4.7.1",
        "co": "4.6.0",
        "lodash": "4.17.10",
        "mocha-junit-reporter": "1.17.0",
        "node-esapi": "0.0.1",
        "npm-snapshot": "1.0.3",
        "sanitizer": "0.1.3",
        "urijs": "1.19.1"
      }
    },
    "ansi-regex": {
      "version": "3.0.0",
      "resolved": "https://registry.npmjs.org/ansi-regex/-/ansi-regex-3.0.0.tgz",
      "integrity": "sha1-7QMXwyIGT3lGbAKWa922Bas32Zg="
    },
    "antlr4": {
      "version": "4.7.1",
      "resolved": "https://registry.npmjs.org/antlr4/-/antlr4-4.7.1.tgz",
      "integrity": "sha512-haHyTW7Y9joE5MVs37P2lNYfU2RWBLfcRDD8OWldcdZm5TiCE91B5Xl1oWSwiDUSd4rlExpt2pu1fksYQjRBYQ=="
    },
    "charenc": {
      "version": "0.0.2",
      "resolved": "https://registry.npmjs.org/charenc/-/charenc-0.0.2.tgz",
      "integrity": "sha1-wKHS86cJLgN3S/qD8UwPxXkKhmc="
    },
    "co": {
      "version": "4.6.0",
      "resolved": "https://registry.npmjs.org/co/-/co-4.6.0.tgz",
      "integrity": "sha1-bqa989hTrlTMuOR7+gvz+QMfsYQ="
    },
    "crypt": {
      "version": "0.0.2",
      "resolved": "https://registry.npmjs.org/crypt/-/crypt-0.0.2.tgz",
      "integrity": "sha1-iNf/fsDfuG9xPch7u0LQRNPmxBs="
    },
    "debug": {
      "version": "2.6.9",
      "resolved": "https://registry.npmjs.org/debug/-/debug-2.6.9.tgz",
      "integrity": "sha512-bC7ElrdJaJnPbAP+1EotYvqZsb3ecl5wi6Bfi6BJTUcNowp6cvspg0jXznRTKDjm/E7AdgFBVeAPVMNcKGsHMA==",
      "requires": {
        "ms": "2.0.0"
      }
    },
    "is-buffer": {
      "version": "1.1.6",
      "resolved": "https://registry.npmjs.org/is-buffer/-/is-buffer-1.1.6.tgz",
      "integrity": "sha512-NcdALwpXkTm5Zvvbk7owOUSvVvBKDgKP5/ewfXEznmQFfs4ZRmanOeKBTjRVjka3QFoN6XJ+9F3USqfHqTaU5w=="
    },
    "lodash": {
      "version": "4.17.10",
      "resolved": "https://registry.npmjs.org/lodash/-/lodash-4.17.10.tgz",
      "integrity": "sha512-UejweD1pDoXu+AD825lWwp4ZGtSwgnpZxb3JDViD7StjQz+Nb/6l093lx4OQ0foGWNRoc19mWy7BzL+UAK2iVg=="
    },
    "md5": {
      "version": "2.2.1",
      "resolved": "https://registry.npmjs.org/md5/-/md5-2.2.1.tgz",
      "integrity": "sha1-U6s41f48iJG6RlMp6iP6wFQBJvk=",
      "requires": {
        "charenc": "0.0.2",
        "crypt": "0.0.2",
        "is-buffer": "1.1.6"
      }
    },
    "minimist": {
      "version": "0.0.8",
      "resolved": "https://registry.npmjs.org/minimist/-/minimist-0.0.8.tgz",
      "integrity": "sha1-hX/Kv8M5fSYluCKCYuhqp6ARsF0="
    },
    "mkdirp": {
      "version": "0.5.1",
      "resolved": "https://registry.npmjs.org/mkdirp/-/mkdirp-0.5.1.tgz",
      "integrity": "sha1-MAV0OOrGz3+MR2fzhkjWaX11yQM=",
      "requires": {
        "minimist": "0.0.8"
      }
    },
    "mocha-junit-reporter": {
      "version": "1.17.0",
      "resolved": "https://registry.npmjs.org/mocha-junit-reporter/-/mocha-junit-reporter-1.17.0.tgz",
      "integrity": "sha1-LlFJ7UD8XS48px5C21qx/snG2Fw=",
      "requires": {
        "debug": "2.6.9",
        "md5": "2.2.1",
        "mkdirp": "0.5.1",
        "strip-ansi": "4.0.0",
        "xml": "1.0.1"
      }
    },
    "ms": {
      "version": "2.0.0",
      "resolved": "https://registry.npmjs.org/ms/-/ms-2.0.0.tgz",
      "integrity": "sha1-VgiurfwAvmwpAd9fmGF4jeDVl8g="
    },
    "node-esapi": {
      "version": "0.0.1",
      "resolved": "https://registry.npmjs.org/node-esapi/-/node-esapi-0.0.1.tgz",
      "integrity": "sha1-b0xFahTrvRNaDw0XZsMLKr8HGYw="
    },
    "npm-snapshot": {
      "version": "1.0.3",
      "resolved": "https://registry.npmjs.org/npm-snapshot/-/npm-snapshot-1.0.3.tgz",
      "integrity": "sha1-GJMK6onR3YyO1aJWcRBoodqvfA8="
    },
    "sanitizer": {
      "version": "0.1.3",
      "resolved": "https://registry.npmjs.org/sanitizer/-/sanitizer-0.1.3.tgz",
      "integrity": "sha1-1PCvdHXZp7ryqeWmEXGLqheKOeE="
    },
    "strip-ansi": {
      "version": "4.0.0",
      "resolved": "https://registry.npmjs.org/strip-ansi/-/strip-ansi-4.0.0.tgz",
      "integrity": "sha1-qEeQIusaw2iocTibY1JixQXuNo8=",
      "requires": {
        "ansi-regex": "3.0.0"
      }
    },
    "urijs": {
      "version": "1.19.1",
      "resolved": "https://registry.npmjs.org/urijs/-/urijs-1.19.1.tgz",
      "integrity": "sha512-xVrGVi94ueCJNrBSTjWqjvtgvl3cyOTThp2zaMaFNGp3F542TR6sM3f2o8RqZl+AwteClSVmoCyt0ka4RjQOQg=="
    },
    "xml": {
      "version": "1.0.1",
      "resolved": "https://registry.npmjs.org/xml/-/xml-1.0.1.tgz",
      "integrity": "sha1-eLpyAgApxbyHuKgaPPzXS0ovweU="
    }
  }
}
